<?xml version="1.0" encoding="UTF-8"?>
<Project ToolsVersion="14.0" xmlns="http://schemas.microsoft.com/developer/msbuild/2003">
  <ItemGroup>
    <ClCompile Include="H:\Storage\Repos\eyeLike\src\main.cpp">
      <Filter>Source Files</Filter>
    </ClCompile>
    <ClCompile Include="H:\Storage\Repos\eyeLike\src\findEyeCenter.cpp">
      <Filter>Source Files</Filter>
    </ClCompile>
    <ClCompile Include="H:\Storage\Repos\eyeLike\src\findEyeCorner.cpp">
      <Filter>Source Files</Filter>
    </ClCompile>
    <ClCompile Include="H:\Storage\Repos\eyeLike\src\helpers.cpp">
      <Filter>Source Files</Filter>
    </ClCompile>
  </ItemGroup>
  <ItemGroup>
    <ClInclude Include="H:\Storage\Repos\eyeLike\src\findEyeCenter.h">
      <Filter>Header Files</Filter>
    </ClInclude>
    <ClInclude Include="H:\Storage\Repos\eyeLike\src\findEyeCorner.h">
      <Filter>Header Files</Filter>
    </ClInclude>
    <ClInclude Include="H:\Storage\Repos\eyeLike\src\constants.h">
      <Filter>Header Files</Filter>
    </ClInclude>
    <ClInclude Include="H:\Storage\Repos\eyeLike\src\helpers.h">
      <Filter>Header Files</Filter>
    </ClInclude>
  </ItemGroup>
  <ItemGroup>
    <CustomBuild Include="H:\Storage\Repos\eyeLike\src\CMakeLists.txt" />
  </ItemGroup>
  <ItemGroup>
    <Filter Include="Source Files">
      <UniqueIdentifier>{49F237EE-40D8-3FDB-8CE4-A3DDD8884D68}</UniqueIdentifier>
    </Filter>
    <Filter Include="Header Files">
      <UniqueIdentifier>{BC40BAFB-1EAE-34FE-BA9A-CB087E91478A}</UniqueIdentifier>
    </Filter>
  </ItemGroup>
</Project>
